
Microsoft Visual Studio Solution File, Format Version 12.00
# Visual Studio 15
VisualStudioVersion = 15.0.27004.2009
MinimumVisualStudioVersion = 10.0.40219.1
Project("{FAE04EC0-301F-11D3-BF4B-00C04F79EFBC}") = "MyBalanceAuto", "MyBalanceAuto\MyBalanceAuto.csproj", "{E8D0A488-797D-47AE-9446-D77B5C7CC4CB}"
EndProject
Global
	GlobalSection(SolutionConfigurationPlatforms) = preSolution
		Debug|Any CPU = Debug|Any CPU
		Release|Any CPU = Release|Any CPU
	EndGlobalSection
	GlobalSection(ProjectConfigurationPlatforms) = postSolution
		{E8D0A488-797D-47AE-9446-D77B5C7CC4CB}.Debug|Any CPU.ActiveCfg = Debug|Any CPU
		{E8D0A488-797D-47AE-9446-D77B5C7CC4CB}.Debug|Any CPU.Build.0 = Debug|Any CPU
		{E8D0A488-797D-47AE-9446-D77B5C7CC4CB}.Release|Any CPU.ActiveCfg = Release|Any CPU
		{E8D0A488-797D-47AE-9446-D77B5C7CC4CB}.Release|Any CPU.Build.0 = Release|Any CPU
	EndGlobalSection
	GlobalSection(SolutionProperties) = preSolution
		HideSolutionNode = FALSE
	EndGlobalSection
	GlobalSection(ExtensibilityGlobals) = postSolution
		SolutionGuid = {3F5E4BA8-B2BD-4C4B-AC6F-941F2B39A3AF}
	EndGlobalSection
EndGlobal
